// !$*UTF8*$!
{
	archiveVersion = 1;
	classes = {
	};
	objectVersion = 50;
	objects = {

/* Begin PBXBuildFile section */
		95862ED020F3F3F5009547A4 /* AsteroidSKScene.swift in Sources */ = {isa = PBXBuildFile; fileRef = 95862ECF20F3F3F5009547A4 /* AsteroidSKScene.swift */; };
		95F65BBA20EED54A00D604C6 /* AppDelegate.swift in Sources */ = {isa = PBXBuildFile; fileRef = 95F65BB920EED54A00D604C6 /* AppDelegate.swift */; };
		95F65BBF20EED54A00D604C6 /* Main.storyboard in Resources */ = {isa = PBXBuildFile; fileRef = 95F65BBD20EED54A00D604C6 /* Main.storyboard */; };
		95F65BC120EED54B00D604C6 /* Assets.xcassets in Resources */ = {isa = PBXBuildFile; fileRef = 95F65BC020EED54B00D604C6 /* Assets.xcassets */; };
		95F65BC420EED54B00D604C6 /* LaunchScreen.storyboard in Resources */ = {isa = PBXBuildFile; fileRef = 95F65BC220EED54B00D604C6 /* LaunchScreen.storyboard */; };
		95F65BCD20EED8DF00D604C6 /* AsteroidDropView.swift in Sources */ = {isa = PBXBuildFile; fileRef = 95F65BCC20EED8DF00D604C6 /* AsteroidDropView.swift */; };
		95F65BCF20EED90800D604C6 /* AsteroidViewController.swift in Sources */ = {isa = PBXBuildFile; fileRef = 95F65BCE20EED90700D604C6 /* AsteroidViewController.swift */; };
		95F65BD120EEDB2500D604C6 /* UIKit Extensions.swift in Sources */ = {isa = PBXBuildFile; fileRef = 95F65BD020EEDB2500D604C6 /* UIKit Extensions.swift */; };
/* End PBXBuildFile section */

/* Begin PBXFileReference section */
		95862ECF20F3F3F5009547A4 /* AsteroidSKScene.swift */ = {isa = PBXFileReference; lastKnownFileType = sourcecode.swift; path = AsteroidSKScene.swift; sourceTree = "<group>"; };
		95F65BB620EED54A00D604C6 /* AsteroidAttack.app */ = {isa = PBXFileReference; explicitFileType = wrapper.application; includeInIndex = 0; path = AsteroidAttack.app; sourceTree = BUILT_PRODUCTS_DIR; };
		95F65BB920EED54A00D604C6 /* AppDelegate.swift */ = {isa = PBXFileReference; lastKnownFileType = sourcecode.swift; path = AppDelegate.swift; sourceTree = "<group>"; };
		95F65BBE20EED54A00D604C6 /* Base */ = {isa = PBXFileReference; lastKnownFileType = file.storyboard; name = Base; path = Base.lproj/Main.storyboard; sourceTree = "<group>"; };
		95F65BC020EED54B00D604C6 /* Assets.xcassets */ = {isa = PBXFileReference; lastKnownFileType = folder.assetcatalog; path = Assets.xcassets; sourceTree = "<group>"; };
		95F65BC320EED54B00D604C6 /* Base */ = {isa = PBXFileReference; lastKnownFileType = file.storyboard; name = Base; path = Base.lproj/LaunchScreen.storyboard; sourceTree = "<group>"; };
		95F65BC520EED54B00D604C6 /* Info.plist */ = {isa = PBXFileReference; lastKnownFileType = text.plist.xml; path = Info.plist; sourceTree = "<group>"; };
		95F65BCC20EED8DF00D604C6 /* AsteroidDropView.swift */ = {isa = PBXFileReference; lastKnownFileType = sourcecode.swift; path = AsteroidDropView.swift; sourceTree = "<group>"; };
		95F65BCE20EED90700D604C6 /* AsteroidViewController.swift */ = {isa = PBXFileReference; lastKnownFileType = sourcecode.swift; path = AsteroidViewController.swift; sourceTree = "<group>"; };
		95F65BD020EEDB2500D604C6 /* UIKit Extensions.swift */ = {isa = PBXFileReference; lastKnownFileType = sourcecode.swift; path = "UIKit Extensions.swift"; sourceTree = "<group>"; };
/* End PBXFileReference section */

/* Begin PBXFrameworksBuildPhase section */
		95F65BB320EED54900D604C6 /* Frameworks */ = {
			isa = PBXFrameworksBuildPhase;
			buildActionMask = 2147483647;
			files = (
			);
			runOnlyForDeploymentPostprocessing = 0;
		};
/* End PBXFrameworksBuildPhase section */

/* Begin PBXGroup section */
		95F65BAD20EED54900D604C6 = {
			isa = PBXGroup;
			children = (
				95F65BB820EED54A00D604C6 /* AsteroidAttack */,
				95F65BB720EED54A00D604C6 /* Products */,
			);
			sourceTree = "<group>";
		};
		95F65BB720EED54A00D604C6 /* Products */ = {
			isa = PBXGroup;
			children = (
				95F65BB620EED54A00D604C6 /* AsteroidAttack.app */,
			);
			name = Products;
			sourceTree = "<group>";
		};
		95F65BB820EED54A00D604C6 /* AsteroidAttack */ = {
			isa = PBXGroup;
			children = (
				95F65BCE20EED90700D604C6 /* AsteroidViewController.swift */,
				95F65BCC20EED8DF00D604C6 /* AsteroidDropView.swift */,
				95862ECF20F3F3F5009547A4 /* AsteroidSKScene.swift */,
				95F65BD020EEDB2500D604C6 /* UIKit Extensions.swift */,
				95F65BBD20EED54A00D604C6 /* Main.storyboard */,
				95F65BCB20EED56600D604C6 /* Supporting Files */,
			);
			path = AsteroidAttack;
			sourceTree = "<group>";
		};
		95F65BCB20EED56600D604C6 /* Supporting Files */ = {
			isa = PBXGroup;
			children = (
				95F65BB920EED54A00D604C6 /* AppDelegate.swift */,
				95F65BC020EED54B00D604C6 /* Assets.xcassets */,
				95F65BC220EED54B00D604C6 /* LaunchScreen.storyboard */,
				95F65BC520EED54B00D604C6 /* Info.plist */,
			);
			path = "Supporting Files";
			sourceTree = "<group>";
		};
/* End PBXGroup section */

/* Begin PBXNativeTarget section */
		95F65BB520EED54900D604C6 /* AsteroidAttack */ = {
			isa = PBXNativeTarget;
			buildConfigurationList = 95F65BC820EED54B00D604C6 /* Build configuration list for PBXNativeTarget "AsteroidAttack" */;
			buildPhases = (
				95F65BB220EED54900D604C6 /* Sources */,
				95F65BB320EED54900D604C6 /* Frameworks */,
				95F65BB420EED54900D604C6 /* Resources */,
			);
			buildRules = (
			);
			dependencies = (
			);
			name = AsteroidAttack;
			productName = AsteroidAttack;
			productReference = 95F65BB620EED54A00D604C6 /* AsteroidAttack.app */;
			productType = "com.apple.product-type.application";
		};
/* End PBXNativeTarget section */

/* Begin PBXProject section */
		95F65BAE20EED54900D604C6 /* Project object */ = {
			isa = PBXProject;
			attributes = {
				LastSwiftUpdateCheck = 0940;
				LastUpgradeCheck = 0940;
				ORGANIZATIONNAME = LuisPuentes;
				TargetAttributes = {
					95F65BB520EED54900D604C6 = {
						CreatedOnToolsVersion = 9.4.1;
					};
				};
			};
			buildConfigurationList = 95F65BB120EED54900D604C6 /* Build configuration list for PBXProject "AsteroidAttack" */;
			compatibilityVersion = "Xcode 9.3";
			developmentRegion = en;
			hasScannedForEncodings = 0;
			knownRegions = (
				en,
				Base,
			);
			mainGroup = 95F65BAD20EED54900D604C6;
			productRefGroup = 95F65BB720EED54A00D604C6 /* Products */;
			projectDirPath = "";
			projectRoot = "";
			targets = (
				95F65BB520EED54900D604C6 /* AsteroidAttack */,
			);
		};
/* End PBXProject section */

/* Begin PBXResourcesBuildPhase section */
		95F65BB420EED54900D604C6 /* Resources */ = {
			isa = PBXResourcesBuildPhase;
			buildActionMask = 2147483647;
			files = (
				95F65BC420EED54B00D604C6 /* LaunchScreen.storyboard in Resources */,
				95F65BC120EED54B00D604C6 /* Assets.xcassets in Resources */,
				95F65BBF20EED54A00D604C6 /* Main.storyboard in Resources */,
			);
			runOnlyForDeploymentPostprocessing = 0;
		};
/* End PBXResourcesBuildPhase section */

/* Begin PBXSourcesBuildPhase section */
		95F65BB220EED54900D604C6 /* Sources */ = {
			isa = PBXSourcesBuildPhase;
			buildActionMask = 2147483647;
			files = (
				95F65BCD20EED8DF00D604C6 /* AsteroidDropView.swift in Sources */,
				95F65BBA20EED54A00D604C6 /* AppDelegate.swift in Sources */,
				95F65BCF20EED90800D604C6 /* AsteroidViewController.swift in Sources */,
				95862ED020F3F3F5009547A4 /* AsteroidSKScene.swift in Sources */,
				95F65BD120EEDB2500D604C6 /* UIKit Extensions.swift in Sources */,
			);
			runOnlyForDeploymentPostprocessing = 0;
		};
/* End PBXSourcesBuildPhase section */

/* Begin PBXVariantGroup section */
		95F65BBD20EED54A00D604C6 /* Main.storyboard */ = {
			isa = PBXVariantGroup;
			children = (
				95F65BBE20EED54A00D604C6 /* Base */,
			);
			name = Main.storyboard;
			sourceTree = "<group>";
		};
		95F65BC220EED54B00D604C6 /* LaunchScreen.storyboard */ = {
			isa = PBXVariantGroup;
			children = (
				95F65BC320EED54B00D604C6 /* Base */,
			);
			name = LaunchScreen.storyboard;
			sourceTree = "<group>";
		};
/* End PBXVariantGroup section */

/* Begin XCBuildConfiguration section */
		95F65BC620EED54B00D604C6 /* Debug */ = {
			isa = XCBuildConfiguration;
			buildSettings = {
				ALWAYS_SEARCH_USER_PATHS = NO;
				CLANG_ANALYZER_NONNULL = YES;
				CLANG_ANALYZER_NUMBER_OBJECT_CONVERSION = YES_AGGRESSIVE;
				CLANG_CXX_LANGUAGE_STANDARD = "gnu++14";
				CLANG_CXX_LIBRARY = "libc++";
				CLANG_ENABLE_MODULES = YES;
				CLANG_ENABLE_OBJC_ARC = YES;
				CLANG_ENABLE_OBJC_WEAK = YES;
				CLANG_WARN_BLOCK_CAPTURE_AUTORELEASING = YES;
				CLANG_WARN_BOOL_CONVERSION = YES;
				CLANG_WARN_COMMA = YES;
				CLANG_WARN_CONSTANT_CONVERSION = YES;
				CLANG_WARN_DEPRECATED_OBJC_IMPLEMENTATIONS = YES;
				CLANG_WARN_DIRECT_OBJC_ISA_USAGE = YES_ERROR;
				CLANG_WARN_DOCUMENTATION_COMMENTS = YES;
				CLANG_WARN_EMPTY_BODY = YES;
				CLANG_WARN_ENUM_CONVERSION = YES;
				CLANG_WARN_INFINITE_RECURSION = YES;
				CLANG_WARN_INT_CONVERSION = YES;
				CLANG_WARN_NON_LITERAL_NULL_CONVERSION = YES;
				CLANG_WARN_OBJC_IMPLICIT_RETAIN_SELF = YES;
				CLANG_WARN_OBJC_LITERAL_CONVERSION = YES;
				CLANG_WARN_OBJC_ROOT_CLASS = YES_ERROR;
				CLANG_WARN_RANGE_LOOP_ANALYSIS = YES;
				CLANG_WARN_STRICT_PROTOTYPES = YES;
				CLANG_WARN_SUSPICIOUS_MOVE = YES;
				CLANG_WARN_UNGUARDED_AVAILABILITY = YES_AGGRESSIVE;
				CLANG_WARN_UNREACHABLE_CODE = YES;
				CLANG_WARN__DUPLICATE_METHOD_MATCH = YES;
				CODE_SIGN_IDENTITY = "iPhone Developer";
				COPY_PHASE_STRIP = NO;
				DEBUG_INFORMATION_FORMAT = dwarf;
				ENABLE_STRICT_OBJC_MSGSEND = YES;
				ENABLE_TESTABILITY = YES;
				GCC_C_LANGUAGE_STANDARD = gnu11;
				GCC_DYNAMIC_NO_PIC = NO;
				GCC_NO_COMMON_BLOCKS = YES;
				GCC_OPTIMIZATION_LEVEL = 0;
				GCC_PREPROCESSOR_DEFINITIONS = (
					"DEBUG=1",
					"$(inherited)",
				);
				GCC_WARN_64_TO_32_BIT_CONVERSION = YES;
				GCC_WARN_ABOUT_RETURN_TYPE = YES_ERROR;
				GCC_WARN_UNDECLARED_SELECTOR = YES;
				GCC_WARN_UNINITIALIZED_AUTOS = YES_AGGRESSIVE;
				GCC_WARN_UNUSED_FUNCTION = YES;
				GCC_WARN_UNUSED_VARIABLE = YES;
				IPHONEOS_DEPLOYMENT_TARGET = 11.4;
				MTL_ENABLE_DEBUG_INFO = YES;
				ONLY_ACTIVE_ARCH = YES;
				SDKROOT = iphoneos;
				SWIFT_ACTIVE_COMPILATION_CONDITIONS = DEBUG;
				SWIFT_OPTIMIZATION_LEVEL = "-Onone";
			};
			name = Debug;
		};
		95F65BC720EED54B00D604C6 /* Release */ = {
			isa = XCBuildConfiguration;
			buildSettings = {
				ALWAYS_SEARCH_USER_PATHS = NO;
				CLANG_ANALYZER_NONNULL = YES;
				CLANG_ANALYZER_NUMBER_OBJECT_CONVERSION = YES_AGGRESSIVE;
				CLANG_CXX_LANGUAGE_STANDARD = "gnu++14";
				CLANG_CXX_LIBRARY = "libc++";
				CLANG_ENABLE_MODULES = YES;
				CLANG_ENABLE_OBJC_ARC = YES;
				CLANG_ENABLE_OBJC_WEAK = YES;
				CLANG_WARN_BLOCK_CAPTURE_AUTORELEASING = YES;
				CLANG_WARN_BOOL_CONVERSION = YES;
				CLANG_WARN_COMMA = YES;
				CLANG_WARN_CONSTANT_CONVERSION = YES;
				CLANG_WARN_DEPRECATED_OBJC_IMPLEMENTATIONS = YES;
				CLANG_WARN_DIRECT_OBJC_ISA_USAGE = YES_ERROR;
				CLANG_WARN_DOCUMENTATION_COMMENTS = YES;
				CLANG_WARN_EMPTY_BODY = YES;
				CLANG_WARN_ENUM_CONVERSION = YES;
				CLANG_WARN_INFINITE_RECURSION = YES;
				CLANG_WARN_INT_CONVERSION = YES;
				CLANG_WARN_NON_LITERAL_NULL_CONVERSION = YES;
				CLANG_WARN_OBJC_IMPLICIT_RETAIN_SELF = YES;
				CLANG_WARN_OBJC_LITERAL_CONVERSION = YES;
				CLANG_WARN_OBJC_ROOT_CLASS = YES_ERROR;
				CLANG_WARN_RANGE_LOOP_ANALYSIS = YES;
				CLANG_WARN_STRICT_PROTOTYPES = YES;
				CLANG_WARN_SUSPICIOUS_MOVE = YES;
				CLANG_WARN_UNGUARDED_AVAILABILITY = YES_AGGRESSIVE;
				CLANG_WARN_UNREACHABLE_CODE = YES;
				CLANG_WARN__DUPLICATE_METHOD_MATCH = YES;
				CODE_SIGN_IDENTITY = "iPhone Developer";
				COPY_PHASE_STRIP = NO;
				DEBUG_INFORMATION_FORMAT = "dwarf-with-dsym";
				ENABLE_NS_ASSERTIONS = NO;
				ENABLE_STRICT_OBJC_MSGSEND = YES;
				GCC_C_LANGUAGE_STANDARD = gnu11;
				GCC_NO_COMMON_BLOCKS = YES;
				GCC_WARN_64_TO_32_BIT_CONVERSION = YES;
				GCC_WARN_ABOUT_RETURN_TYPE = YES_ERROR;
				GCC_WARN_UNDECLARED_SELECTOR = YES;
				GCC_WARN_UNINITIALIZED_AUTOS = YES_AGGRESSIVE;
				GCC_WARN_UNUSED_FUNCTION = YES;
				GCC_WARN_UNUSED_VARIABLE = YES;
				IPHONEOS_DEPLOYMENT_TARGET = 11.4;
				MTL_ENABLE_DEBUG_INFO = NO;
				SDKROOT = iphoneos;
				SWIFT_COMPILATION_MODE = wholemodule;
				SWIFT_OPTIMIZATION_LEVEL = "-O";
				VALIDATE_PRODUCT = YES;
			};
			name = Release;
		};
		95F65BC920EED54B00D604C6 /* Debug */ = {
			isa = XCBuildConfiguration;
			buildSettings = {
				ASSETCATALOG_COMPILER_APPICON_NAME = AppIcon;
				CODE_SIGN_STYLE = Automatic;
				DEVELOPMENT_TEAM = H9L7P6ZCN6;
				INFOPLIST_FILE = "$(SRCROOT)/AsteroidAttack/Supporting Files/Info.plist";
				LD_RUNPATH_SEARCH_PATHS = (
					"$(inherited)",
					"@executable_path/Frameworks",
				);
				PRODUCT_BUNDLE_IDENTIFIER = com.AsteroidAttack;
				PRODUCT_NAME = "$(TARGET_NAME)";
				SWIFT_VERSION = 4.0;
				TARGETED_DEVICE_FAMILY = "1,2";
			};
			name = Debug;
		};
		95F65BCA20EED54B00D604C6 /* Release */ = {
			isa = XCBuildConfiguration;
			buildSettings = {
				ASSETCATALOG_COMPILER_APPICON_NAME = AppIcon;
				CODE_SIGN_STYLE = Automatic;
				DEVELOPMENT_TEAM = H9L7P6ZCN6;
				INFOPLIST_FILE = "$(SRCROOT)/AsteroidAttack/Supporting Files/Info.plist";
				LD_RUNPATH_SEARCH_PATHS = (
					"$(inherited)",
					"@executable_path/Frameworks",
				);
				PRODUCT_BUNDLE_IDENTIFIER = com.AsteroidAttack;
				PRODUCT_NAME = "$(TARGET_NAME)";
				SWIFT_VERSION = 4.0;
				TARGETED_DEVICE_FAMILY = "1,2";
			};
			name = Release;
		};
/* End XCBuildConfiguration section */

/* Begin XCConfigurationList section */
		95F65BB120EED54900D604C6 /* Build configuration list for PBXProject "AsteroidAttack" */ = {
			isa = XCConfigurationList;
			buildConfigurations = (
				95F65BC620EED54B00D604C6 /* Debug */,
				95F65BC720EED54B00D604C6 /* Release */,
			);
			defaultConfigurationIsVisible = 0;
			defaultConfigurationName = Release;
		};
		95F65BC820EED54B00D604C6 /* Build configuration list for PBXNativeTarget "AsteroidAttack" */ = {
			isa = XCConfigurationList;
			buildConfigurations = (
				95F65BC920EED54B00D604C6 /* Debug */,
				95F65BCA20EED54B00D604C6 /* Release */,
			);
			defaultConfigurationIsVisible = 0;
			defaultConfigurationName = Release;
		};
/* End XCConfigurationList section */
	};
	rootObject = 95F65BAE20EED54900D604C6 /* Project object */;
}
